// !$*UTF8*$!
{
	archiveVersion = 1;
	classes = {
	};
	objectVersion = 46;
	objects = {

/* Begin PBXBuildFile section */
		CD45DB311CC708D100EFB6F9 /* LocationDetailsViewController.swift in Sources */ = {isa = PBXBuildFile; fileRef = CD45DB301CC708D100EFB6F9 /* LocationDetailsViewController.swift */; };
		CD45DB331CC7C19D00EFB6F9 /* CategoryPickerViewController.swift in Sources */ = {isa = PBXBuildFile; fileRef = CD45DB321CC7C19D00EFB6F9 /* CategoryPickerViewController.swift */; };
		CD45DB351CC801AB00EFB6F9 /* HudView.swift in Sources */ = {isa = PBXBuildFile; fileRef = CD45DB341CC801AB00EFB6F9 /* HudView.swift */; };
		CD45DB371CC84A3C00EFB6F9 /* Functions.swift in Sources */ = {isa = PBXBuildFile; fileRef = CD45DB361CC84A3C00EFB6F9 /* Functions.swift */; };
		CD45DB3A1CC84F2900EFB6F9 /* DataModel.xcdatamodeld in Sources */ = {isa = PBXBuildFile; fileRef = CD45DB381CC84F2900EFB6F9 /* DataModel.xcdatamodeld */; };
		CD45DB3D1CC8519100EFB6F9 /* Location+CoreDataProperties.swift in Sources */ = {isa = PBXBuildFile; fileRef = CD45DB3B1CC8519100EFB6F9 /* Location+CoreDataProperties.swift */; };
		CD45DB3E1CC8519100EFB6F9 /* Location.swift in Sources */ = {isa = PBXBuildFile; fileRef = CD45DB3C1CC8519100EFB6F9 /* Location.swift */; };
		CD4BC3DB1CC111010015BD0C /* AppDelegate.swift in Sources */ = {isa = PBXBuildFile; fileRef = CD4BC3DA1CC111010015BD0C /* AppDelegate.swift */; };
		CD4BC3DD1CC111010015BD0C /* CurrentLocationViewController.swift in Sources */ = {isa = PBXBuildFile; fileRef = CD4BC3DC1CC111010015BD0C /* CurrentLocationViewController.swift */; };
		CD4BC3E21CC111010015BD0C /* Main.storyboard in Resources */ = {isa = PBXBuildFile; fileRef = CD4BC3E01CC111010015BD0C /* Main.storyboard */; };
		CD4BC3E41CC111010015BD0C /* Assets.xcassets in Resources */ = {isa = PBXBuildFile; fileRef = CD4BC3E31CC111010015BD0C /* Assets.xcassets */; };
		CD627C1A1CCD40BA00B7AB69 /* LocationsViewController.swift in Sources */ = {isa = PBXBuildFile; fileRef = CD627C191CCD40BA00B7AB69 /* LocationsViewController.swift */; };
		CDE84FA51CCEE287003F0363 /* LocationCell.swift in Sources */ = {isa = PBXBuildFile; fileRef = CDE84FA41CCEE287003F0363 /* LocationCell.swift */; };
		CDE84FA71CCFA95E003F0363 /* MapKit.framework in Frameworks */ = {isa = PBXBuildFile; fileRef = CDE84FA61CCFA95E003F0363 /* MapKit.framework */; };
		CDE84FA91CCFAC34003F0363 /* MapViewController.swift in Sources */ = {isa = PBXBuildFile; fileRef = CDE84FA81CCFAC34003F0363 /* MapViewController.swift */; };
		CDEC5F511CD6DFCC0080AF18 /* UIImage+Resize.swift in Sources */ = {isa = PBXBuildFile; fileRef = CDEC5F501CD6DFCC0080AF18 /* UIImage+Resize.swift */; };
		CDEC5F531CD77CE50080AF18 /* String+AddText.swift in Sources */ = {isa = PBXBuildFile; fileRef = CDEC5F521CD77CE50080AF18 /* String+AddText.swift */; };
		CDEC5F551CD789F40080AF18 /* MyTabBarController.swift in Sources */ = {isa = PBXBuildFile; fileRef = CDEC5F541CD789F40080AF18 /* MyTabBarController.swift */; };
		CDEC5F571CD78B790080AF18 /* MyNavigationController.swift in Sources */ = {isa = PBXBuildFile; fileRef = CDEC5F561CD78B790080AF18 /* MyNavigationController.swift */; };
		CDEC5F591CD78D390080AF18 /* MyImagePickerController.swift in Sources */ = {isa = PBXBuildFile; fileRef = CDEC5F581CD78D390080AF18 /* MyImagePickerController.swift */; };
/* End PBXBuildFile section */

/* Begin PBXFileReference section */
		CD45DB301CC708D100EFB6F9 /* LocationDetailsViewController.swift */ = {isa = PBXFileReference; fileEncoding = 4; lastKnownFileType = sourcecode.swift; path = LocationDetailsViewController.swift; sourceTree = "<group>"; };
		CD45DB321CC7C19D00EFB6F9 /* CategoryPickerViewController.swift */ = {isa = PBXFileReference; fileEncoding = 4; lastKnownFileType = sourcecode.swift; path = CategoryPickerViewController.swift; sourceTree = "<group>"; };
		CD45DB341CC801AB00EFB6F9 /* HudView.swift */ = {isa = PBXFileReference; fileEncoding = 4; lastKnownFileType = sourcecode.swift; path = HudView.swift; sourceTree = "<group>"; };
		CD45DB361CC84A3C00EFB6F9 /* Functions.swift */ = {isa = PBXFileReference; fileEncoding = 4; lastKnownFileType = sourcecode.swift; path = Functions.swift; sourceTree = "<group>"; };
		CD45DB391CC84F2900EFB6F9 /* DataModel.xcdatamodel */ = {isa = PBXFileReference; lastKnownFileType = wrapper.xcdatamodel; path = DataModel.xcdatamodel; sourceTree = "<group>"; };
		CD45DB3B1CC8519100EFB6F9 /* Location+CoreDataProperties.swift */ = {isa = PBXFileReference; fileEncoding = 4; lastKnownFileType = sourcecode.swift; path = "Location+CoreDataProperties.swift"; sourceTree = "<group>"; };
		CD45DB3C1CC8519100EFB6F9 /* Location.swift */ = {isa = PBXFileReference; fileEncoding = 4; lastKnownFileType = sourcecode.swift; path = Location.swift; sourceTree = "<group>"; };
		CD4BC3D71CC110FF0015BD0C /* MyLocations.app */ = {isa = PBXFileReference; explicitFileType = wrapper.application; includeInIndex = 0; path = MyLocations.app; sourceTree = BUILT_PRODUCTS_DIR; };
		CD4BC3DA1CC111010015BD0C /* AppDelegate.swift */ = {isa = PBXFileReference; lastKnownFileType = sourcecode.swift; path = AppDelegate.swift; sourceTree = "<group>"; };
		CD4BC3DC1CC111010015BD0C /* CurrentLocationViewController.swift */ = {isa = PBXFileReference; lastKnownFileType = sourcecode.swift; path = CurrentLocationViewController.swift; sourceTree = "<group>"; };
		CD4BC3E11CC111010015BD0C /* Base */ = {isa = PBXFileReference; lastKnownFileType = file.storyboard; name = Base; path = Base.lproj/Main.storyboard; sourceTree = "<group>"; };
		CD4BC3E31CC111010015BD0C /* Assets.xcassets */ = {isa = PBXFileReference; lastKnownFileType = folder.assetcatalog; path = Assets.xcassets; sourceTree = "<group>"; };
		CD4BC3E81CC111010015BD0C /* Info.plist */ = {isa = PBXFileReference; lastKnownFileType = text.plist.xml; path = Info.plist; sourceTree = "<group>"; };
		CD627C191CCD40BA00B7AB69 /* LocationsViewController.swift */ = {isa = PBXFileReference; fileEncoding = 4; lastKnownFileType = sourcecode.swift; path = LocationsViewController.swift; sourceTree = "<group>"; };
		CDE84FA41CCEE287003F0363 /* LocationCell.swift */ = {isa = PBXFileReference; fileEncoding = 4; lastKnownFileType = sourcecode.swift; path = LocationCell.swift; sourceTree = "<group>"; };
		CDE84FA61CCFA95E003F0363 /* MapKit.framework */ = {isa = PBXFileReference; lastKnownFileType = wrapper.framework; name = MapKit.framework; path = System/Library/Frameworks/MapKit.framework; sourceTree = SDKROOT; };
		CDE84FA81CCFAC34003F0363 /* MapViewController.swift */ = {isa = PBXFileReference; fileEncoding = 4; lastKnownFileType = sourcecode.swift; path = MapViewController.swift; sourceTree = "<group>"; };
		CDEC5F501CD6DFCC0080AF18 /* UIImage+Resize.swift */ = {isa = PBXFileReference; fileEncoding = 4; lastKnownFileType = sourcecode.swift; path = "UIImage+Resize.swift"; sourceTree = "<group>"; };
		CDEC5F521CD77CE50080AF18 /* String+AddText.swift */ = {isa = PBXFileReference; fileEncoding = 4; lastKnownFileType = sourcecode.swift; path = "String+AddText.swift"; sourceTree = "<group>"; };
		CDEC5F541CD789F40080AF18 /* MyTabBarController.swift */ = {isa = PBXFileReference; fileEncoding = 4; lastKnownFileType = sourcecode.swift; path = MyTabBarController.swift; sourceTree = "<group>"; };
		CDEC5F561CD78B790080AF18 /* MyNavigationController.swift */ = {isa = PBXFileReference; fileEncoding = 4; lastKnownFileType = sourcecode.swift; path = MyNavigationController.swift; sourceTree = "<group>"; };
		CDEC5F581CD78D390080AF18 /* MyImagePickerController.swift */ = {isa = PBXFileReference; fileEncoding = 4; lastKnownFileType = sourcecode.swift; path = MyImagePickerController.swift; sourceTree = "<group>"; };
/* End PBXFileReference section */

/* Begin PBXFrameworksBuildPhase section */
		CD4BC3D41CC110FF0015BD0C /* Frameworks */ = {
			isa = PBXFrameworksBuildPhase;
			buildActionMask = 2147483647;
			files = (
				CDE84FA71CCFA95E003F0363 /* MapKit.framework in Frameworks */,
			);
			runOnlyForDeploymentPostprocessing = 0;
		};
/* End PBXFrameworksBuildPhase section */

/* Begin PBXGroup section */
		CD4BC3CE1CC110FF0015BD0C = {
			isa = PBXGroup;
			children = (
				CDE84FA61CCFA95E003F0363 /* MapKit.framework */,
				CD45DB3B1CC8519100EFB6F9 /* Location+CoreDataProperties.swift */,
				CD45DB3C1CC8519100EFB6F9 /* Location.swift */,
				CD4BC3D91CC111010015BD0C /* MyLocations */,
				CD4BC3D81CC110FF0015BD0C /* Products */,
			);
			sourceTree = "<group>";
		};
		CD4BC3D81CC110FF0015BD0C /* Products */ = {
			isa = PBXGroup;
			children = (
				CD4BC3D71CC110FF0015BD0C /* MyLocations.app */,
			);
			name = Products;
			sourceTree = "<group>";
		};
		CD4BC3D91CC111010015BD0C /* MyLocations */ = {
			isa = PBXGroup;
			children = (
				CD4BC3DA1CC111010015BD0C /* AppDelegate.swift */,
				CD4BC3DC1CC111010015BD0C /* CurrentLocationViewController.swift */,
				CD4BC3E01CC111010015BD0C /* Main.storyboard */,
				CD4BC3E31CC111010015BD0C /* Assets.xcassets */,
				CD4BC3E81CC111010015BD0C /* Info.plist */,
				CD45DB301CC708D100EFB6F9 /* LocationDetailsViewController.swift */,
				CD45DB321CC7C19D00EFB6F9 /* CategoryPickerViewController.swift */,
				CD45DB341CC801AB00EFB6F9 /* HudView.swift */,
				CD45DB361CC84A3C00EFB6F9 /* Functions.swift */,
				CD45DB381CC84F2900EFB6F9 /* DataModel.xcdatamodeld */,
				CD627C191CCD40BA00B7AB69 /* LocationsViewController.swift */,
				CDE84FA41CCEE287003F0363 /* LocationCell.swift */,
				CDE84FA81CCFAC34003F0363 /* MapViewController.swift */,
				CDEC5F501CD6DFCC0080AF18 /* UIImage+Resize.swift */,
				CDEC5F521CD77CE50080AF18 /* String+AddText.swift */,
				CDEC5F541CD789F40080AF18 /* MyTabBarController.swift */,
				CDEC5F561CD78B790080AF18 /* MyNavigationController.swift */,
				CDEC5F581CD78D390080AF18 /* MyImagePickerController.swift */,
			);
			path = MyLocations;
			sourceTree = "<group>";
		};
/* End PBXGroup section */

/* Begin PBXNativeTarget section */
		CD4BC3D61CC110FF0015BD0C /* MyLocations */ = {
			isa = PBXNativeTarget;
			buildConfigurationList = CD4BC3EB1CC111010015BD0C /* Build configuration list for PBXNativeTarget "MyLocations" */;
			buildPhases = (
				CD4BC3D31CC110FF0015BD0C /* Sources */,
				CD4BC3D41CC110FF0015BD0C /* Frameworks */,
				CD4BC3D51CC110FF0015BD0C /* Resources */,
			);
			buildRules = (
			);
			dependencies = (
			);
			name = MyLocations;
			productName = MyLocations;
			productReference = CD4BC3D71CC110FF0015BD0C /* MyLocations.app */;
			productType = "com.apple.product-type.application";
		};
/* End PBXNativeTarget section */

/* Begin PBXProject section */
		CD4BC3CF1CC110FF0015BD0C /* Project object */ = {
			isa = PBXProject;
			attributes = {
				LastSwiftUpdateCheck = 0730;
				LastUpgradeCheck = 0730;
				ORGANIZATIONNAME = FelipeCanayo;
				TargetAttributes = {
					CD4BC3D61CC110FF0015BD0C = {
						CreatedOnToolsVersion = 7.3;
						DevelopmentTeam = AB2ZGUMPJ6;
					};
				};
			};
			buildConfigurationList = CD4BC3D21CC110FF0015BD0C /* Build configuration list for PBXProject "MyLocations" */;
			compatibilityVersion = "Xcode 3.2";
			developmentRegion = English;
			hasScannedForEncodings = 0;
			knownRegions = (
				en,
				Base,
			);
			mainGroup = CD4BC3CE1CC110FF0015BD0C;
			productRefGroup = CD4BC3D81CC110FF0015BD0C /* Products */;
			projectDirPath = "";
			projectRoot = "";
			targets = (
				CD4BC3D61CC110FF0015BD0C /* MyLocations */,
			);
		};
/* End PBXProject section */

/* Begin PBXResourcesBuildPhase section */
		CD4BC3D51CC110FF0015BD0C /* Resources */ = {
			isa = PBXResourcesBuildPhase;
			buildActionMask = 2147483647;
			files = (
				CD4BC3E41CC111010015BD0C /* Assets.xcassets in Resources */,
				CD4BC3E21CC111010015BD0C /* Main.storyboard in Resources */,
			);
			runOnlyForDeploymentPostprocessing = 0;
		};
/* End PBXResourcesBuildPhase section */

/* Begin PBXSourcesBuildPhase section */
		CD4BC3D31CC110FF0015BD0C /* Sources */ = {
			isa = PBXSourcesBuildPhase;
			buildActionMask = 2147483647;
			files = (
				CD45DB311CC708D100EFB6F9 /* LocationDetailsViewController.swift in Sources */,
				CDEC5F571CD78B790080AF18 /* MyNavigationController.swift in Sources */,
				CD45DB3A1CC84F2900EFB6F9 /* DataModel.xcdatamodeld in Sources */,
				CDEC5F591CD78D390080AF18 /* MyImagePickerController.swift in Sources */,
				CD45DB3E1CC8519100EFB6F9 /* Location.swift in Sources */,
				CD45DB351CC801AB00EFB6F9 /* HudView.swift in Sources */,
				CD627C1A1CCD40BA00B7AB69 /* LocationsViewController.swift in Sources */,
				CDE84FA91CCFAC34003F0363 /* MapViewController.swift in Sources */,
				CDEC5F511CD6DFCC0080AF18 /* UIImage+Resize.swift in Sources */,
				CDE84FA51CCEE287003F0363 /* LocationCell.swift in Sources */,
				CD45DB371CC84A3C00EFB6F9 /* Functions.swift in Sources */,
				CD45DB3D1CC8519100EFB6F9 /* Location+CoreDataProperties.swift in Sources */,
				CD4BC3DB1CC111010015BD0C /* AppDelegate.swift in Sources */,
				CDEC5F531CD77CE50080AF18 /* String+AddText.swift in Sources */,
				CD45DB331CC7C19D00EFB6F9 /* CategoryPickerViewController.swift in Sources */,
				CD4BC3DD1CC111010015BD0C /* CurrentLocationViewController.swift in Sources */,
				CDEC5F551CD789F40080AF18 /* MyTabBarController.swift in Sources */,
			);
			runOnlyForDeploymentPostprocessing = 0;
		};
/* End PBXSourcesBuildPhase section */

/* Begin PBXVariantGroup section */
		CD4BC3E01CC111010015BD0C /* Main.storyboard */ = {
			isa = PBXVariantGroup;
			children = (
				CD4BC3E11CC111010015BD0C /* Base */,
			);
			name = Main.storyboard;
			sourceTree = "<group>";
		};
/* End PBXVariantGroup section */

/* Begin XCBuildConfiguration section */
		CD4BC3E91CC111010015BD0C /* Debug */ = {
			isa = XCBuildConfiguration;
			buildSettings = {
				ALWAYS_SEARCH_USER_PATHS = NO;
				CLANG_ANALYZER_NONNULL = YES;
				CLANG_CXX_LANGUAGE_STANDARD = "gnu++0x";
				CLANG_CXX_LIBRARY = "libc++";
				CLANG_ENABLE_MODULES = YES;
				CLANG_ENABLE_OBJC_ARC = YES;
				CLANG_WARN_BOOL_CONVERSION = YES;
				CLANG_WARN_CONSTANT_CONVERSION = YES;
				CLANG_WARN_DIRECT_OBJC_ISA_USAGE = YES_ERROR;
				CLANG_WARN_EMPTY_BODY = YES;
				CLANG_WARN_ENUM_CONVERSION = YES;
				CLANG_WARN_INT_CONVERSION = YES;
				CLANG_WARN_OBJC_ROOT_CLASS = YES_ERROR;
				CLANG_WARN_UNREACHABLE_CODE = YES;
				CLANG_WARN__DUPLICATE_METHOD_MATCH = YES;
				"CODE_SIGN_IDENTITY[sdk=iphoneos*]" = "iPhone Developer";
				COPY_PHASE_STRIP = NO;
				DEBUG_INFORMATION_FORMAT = dwarf;
				ENABLE_STRICT_OBJC_MSGSEND = YES;
				ENABLE_TESTABILITY = YES;
				GCC_C_LANGUAGE_STANDARD = gnu99;
				GCC_DYNAMIC_NO_PIC = NO;
				GCC_NO_COMMON_BLOCKS = YES;
				GCC_OPTIMIZATION_LEVEL = 0;
				GCC_PREPROCESSOR_DEFINITIONS = (
					"DEBUG=1",
					"$(inherited)",
				);
				GCC_WARN_64_TO_32_BIT_CONVERSION = YES;
				GCC_WARN_ABOUT_RETURN_TYPE = YES_ERROR;
				GCC_WARN_UNDECLARED_SELECTOR = YES;
				GCC_WARN_UNINITIALIZED_AUTOS = YES_AGGRESSIVE;
				GCC_WARN_UNUSED_FUNCTION = YES;
				GCC_WARN_UNUSED_VARIABLE = YES;
				IPHONEOS_DEPLOYMENT_TARGET = 9.3;
				MTL_ENABLE_DEBUG_INFO = YES;
				ONLY_ACTIVE_ARCH = YES;
				SDKROOT = iphoneos;
				SWIFT_OPTIMIZATION_LEVEL = "-Onone";
			};
			name = Debug;
		};
		CD4BC3EA1CC111010015BD0C /* Release */ = {
			isa = XCBuildConfiguration;
			buildSettings = {
				ALWAYS_SEARCH_USER_PATHS = NO;
				CLANG_ANALYZER_NONNULL = YES;
				CLANG_CXX_LANGUAGE_STANDARD = "gnu++0x";
				CLANG_CXX_LIBRARY = "libc++";
				CLANG_ENABLE_MODULES = YES;
				CLANG_ENABLE_OBJC_ARC = YES;
				CLANG_WARN_BOOL_CONVERSION = YES;
				CLANG_WARN_CONSTANT_CONVERSION = YES;
				CLANG_WARN_DIRECT_OBJC_ISA_USAGE = YES_ERROR;
				CLANG_WARN_EMPTY_BODY = YES;
				CLANG_WARN_ENUM_CONVERSION = YES;
				CLANG_WARN_INT_CONVERSION = YES;
				CLANG_WARN_OBJC_ROOT_CLASS = YES_ERROR;
				CLANG_WARN_UNREACHABLE_CODE = YES;
				CLANG_WARN__DUPLICATE_METHOD_MATCH = YES;
				"CODE_SIGN_IDENTITY[sdk=iphoneos*]" = "iPhone Developer";
				COPY_PHASE_STRIP = NO;
				DEBUG_INFORMATION_FORMAT = "dwarf-with-dsym";
				ENABLE_NS_ASSERTIONS = NO;
				ENABLE_STRICT_OBJC_MSGSEND = YES;
				GCC_C_LANGUAGE_STANDARD = gnu99;
				GCC_NO_COMMON_BLOCKS = YES;
				GCC_WARN_64_TO_32_BIT_CONVERSION = YES;
				GCC_WARN_ABOUT_RETURN_TYPE = YES_ERROR;
				GCC_WARN_UNDECLARED_SELECTOR = YES;
				GCC_WARN_UNINITIALIZED_AUTOS = YES_AGGRESSIVE;
				GCC_WARN_UNUSED_FUNCTION = YES;
				GCC_WARN_UNUSED_VARIABLE = YES;
				IPHONEOS_DEPLOYMENT_TARGET = 9.3;
				MTL_ENABLE_DEBUG_INFO = NO;
				SDKROOT = iphoneos;
				VALIDATE_PRODUCT = YES;
			};
			name = Release;
		};
		CD4BC3EC1CC111010015BD0C /* Debug */ = {
			isa = XCBuildConfiguration;
			buildSettings = {
				ASSETCATALOG_COMPILER_APPICON_NAME = AppIcon;
				ASSETCATALOG_COMPILER_LAUNCHIMAGE_NAME = "Brand Assets";
				INFOPLIST_FILE = MyLocations/Info.plist;
				LD_RUNPATH_SEARCH_PATHS = "$(inherited) @executable_path/Frameworks";
				PRODUCT_BUNDLE_IDENTIFIER = br.com.felipe.MyLocations;
				PRODUCT_NAME = "$(TARGET_NAME)";
			};
			name = Debug;
		};
		CD4BC3ED1CC111010015BD0C /* Release */ = {
			isa = XCBuildConfiguration;
			buildSettings = {
				ASSETCATALOG_COMPILER_APPICON_NAME = AppIcon;
				ASSETCATALOG_COMPILER_LAUNCHIMAGE_NAME = "Brand Assets";
				INFOPLIST_FILE = MyLocations/Info.plist;
				LD_RUNPATH_SEARCH_PATHS = "$(inherited) @executable_path/Frameworks";
				PRODUCT_BUNDLE_IDENTIFIER = br.com.felipe.MyLocations;
				PRODUCT_NAME = "$(TARGET_NAME)";
			};
			name = Release;
		};
/* End XCBuildConfiguration section */

/* Begin XCConfigurationList section */
		CD4BC3D21CC110FF0015BD0C /* Build configuration list for PBXProject "MyLocations" */ = {
			isa = XCConfigurationList;
			buildConfigurations = (
				CD4BC3E91CC111010015BD0C /* Debug */,
				CD4BC3EA1CC111010015BD0C /* Release */,
			);
			defaultConfigurationIsVisible = 0;
			defaultConfigurationName = Release;
		};
		CD4BC3EB1CC111010015BD0C /* Build configuration list for PBXNativeTarget "MyLocations" */ = {
			isa = XCConfigurationList;
			buildConfigurations = (
				CD4BC3EC1CC111010015BD0C /* Debug */,
				CD4BC3ED1CC111010015BD0C /* Release */,
			);
			defaultConfigurationIsVisible = 0;
			defaultConfigurationName = Release;
		};
/* End XCConfigurationList section */

/* Begin XCVersionGroup section */
		CD45DB381CC84F2900EFB6F9 /* DataModel.xcdatamodeld */ = {
			isa = XCVersionGroup;
			children = (
				CD45DB391CC84F2900EFB6F9 /* DataModel.xcdatamodel */,
			);
			currentVersion = CD45DB391CC84F2900EFB6F9 /* DataModel.xcdatamodel */;
			path = DataModel.xcdatamodeld;
			sourceTree = "<group>";
			versionGroupType = wrapper.xcdatamodel;
		};
/* End XCVersionGroup section */
	};
	rootObject = CD4BC3CF1CC110FF0015BD0C /* Project object */;
}
